// !$*UTF8*$!
{
	archiveVersion = 1;
	classes = {
	};
	objectVersion = 46;
	objects = {

/* Begin PBXBuildFile section */
		A41927F31B34C2CA004DA035 /* AddToDoItemViewController.m in Sources */ = {isa = PBXBuildFile; fileRef = A41927F21B34C2CA004DA035 /* AddToDoItemViewController.m */; };
		A41927F61B35DCCB004DA035 /* ToDoListTableViewController.m in Sources */ = {isa = PBXBuildFile; fileRef = A41927F51B35DCCB004DA035 /* ToDoListTableViewController.m */; };
		A493E3301ACF2B7C007F36DD /* main.m in Sources */ = {isa = PBXBuildFile; fileRef = A493E32F1ACF2B7C007F36DD /* main.m */; };
		A493E3331ACF2B7C007F36DD /* AppDelegate.m in Sources */ = {isa = PBXBuildFile; fileRef = A493E3321ACF2B7C007F36DD /* AppDelegate.m */; };
		A493E3391ACF2B7C007F36DD /* Main.storyboard in Resources */ = {isa = PBXBuildFile; fileRef = A493E3371ACF2B7C007F36DD /* Main.storyboard */; };
		A493E33B1ACF2B7C007F36DD /* Images.xcassets in Resources */ = {isa = PBXBuildFile; fileRef = A493E33A1ACF2B7C007F36DD /* Images.xcassets */; };
		A493E33E1ACF2B7C007F36DD /* LaunchScreen.xib in Resources */ = {isa = PBXBuildFile; fileRef = A493E33C1ACF2B7C007F36DD /* LaunchScreen.xib */; };
		A493E34A1ACF2B7C007F36DD /* ToDoListTests.m in Sources */ = {isa = PBXBuildFile; fileRef = A493E3491ACF2B7C007F36DD /* ToDoListTests.m */; };
		BC0AE3DD1B7597DF006F175E /* ToDoItem.m in Sources */ = {isa = PBXBuildFile; fileRef = BC0AE3DC1B7597DF006F175E /* ToDoItem.m */; };
/* End PBXBuildFile section */

/* Begin PBXContainerItemProxy section */
		A493E3441ACF2B7C007F36DD /* PBXContainerItemProxy */ = {
			isa = PBXContainerItemProxy;
			containerPortal = A493E3221ACF2B7C007F36DD /* Project object */;
			proxyType = 1;
			remoteGlobalIDString = A493E3291ACF2B7C007F36DD;
			remoteInfo = ToDoList;
		};
/* End PBXContainerItemProxy section */

/* Begin PBXFileReference section */
		A41927F11B34C2CA004DA035 /* AddToDoItemViewController.h */ = {isa = PBXFileReference; fileEncoding = 4; lastKnownFileType = sourcecode.c.h; name = AddToDoItemViewController.h; path = ../AddToDoItemViewController.h; sourceTree = "<group>"; };
		A41927F21B34C2CA004DA035 /* AddToDoItemViewController.m */ = {isa = PBXFileReference; fileEncoding = 4; lastKnownFileType = sourcecode.c.objc; name = AddToDoItemViewController.m; path = ../AddToDoItemViewController.m; sourceTree = "<group>"; };
		A41927F41B35DCCB004DA035 /* ToDoListTableViewController.h */ = {isa = PBXFileReference; fileEncoding = 4; lastKnownFileType = sourcecode.c.h; path = ToDoListTableViewController.h; sourceTree = "<group>"; };
		A41927F51B35DCCB004DA035 /* ToDoListTableViewController.m */ = {isa = PBXFileReference; fileEncoding = 4; lastKnownFileType = sourcecode.c.objc; path = ToDoListTableViewController.m; sourceTree = "<group>"; };
		A493E32A1ACF2B7C007F36DD /* ToDoList.app */ = {isa = PBXFileReference; explicitFileType = wrapper.application; includeInIndex = 0; path = ToDoList.app; sourceTree = BUILT_PRODUCTS_DIR; };
		A493E32E1ACF2B7C007F36DD /* Info.plist */ = {isa = PBXFileReference; lastKnownFileType = text.plist.xml; path = Info.plist; sourceTree = "<group>"; };
		A493E32F1ACF2B7C007F36DD /* main.m */ = {isa = PBXFileReference; lastKnownFileType = sourcecode.c.objc; path = main.m; sourceTree = "<group>"; };
		A493E3311ACF2B7C007F36DD /* AppDelegate.h */ = {isa = PBXFileReference; lastKnownFileType = sourcecode.c.h; path = AppDelegate.h; sourceTree = "<group>"; };
		A493E3321ACF2B7C007F36DD /* AppDelegate.m */ = {isa = PBXFileReference; lastKnownFileType = sourcecode.c.objc; path = AppDelegate.m; sourceTree = "<group>"; };
		A493E3381ACF2B7C007F36DD /* Base */ = {isa = PBXFileReference; lastKnownFileType = file.storyboard; name = Base; path = Base.lproj/Main.storyboard; sourceTree = "<group>"; };
		A493E33A1ACF2B7C007F36DD /* Images.xcassets */ = {isa = PBXFileReference; lastKnownFileType = folder.assetcatalog; path = Images.xcassets; sourceTree = "<group>"; };
		A493E33D1ACF2B7C007F36DD /* Base */ = {isa = PBXFileReference; lastKnownFileType = file.xib; name = Base; path = Base.lproj/LaunchScreen.xib; sourceTree = "<group>"; };
		A493E3431ACF2B7C007F36DD /* ToDoListTests.xctest */ = {isa = PBXFileReference; explicitFileType = wrapper.cfbundle; includeInIndex = 0; path = ToDoListTests.xctest; sourceTree = BUILT_PRODUCTS_DIR; };
		A493E3481ACF2B7C007F36DD /* Info.plist */ = {isa = PBXFileReference; lastKnownFileType = text.plist.xml; path = Info.plist; sourceTree = "<group>"; };
		A493E3491ACF2B7C007F36DD /* ToDoListTests.m */ = {isa = PBXFileReference; lastKnownFileType = sourcecode.c.objc; path = ToDoListTests.m; sourceTree = "<group>"; };
		BC0AE3DB1B7597DF006F175E /* ToDoItem.h */ = {isa = PBXFileReference; fileEncoding = 4; lastKnownFileType = sourcecode.c.h; path = ToDoItem.h; sourceTree = "<group>"; };
		BC0AE3DC1B7597DF006F175E /* ToDoItem.m */ = {isa = PBXFileReference; fileEncoding = 4; lastKnownFileType = sourcecode.c.objc; path = ToDoItem.m; sourceTree = "<group>"; };
/* End PBXFileReference section */

/* Begin PBXFrameworksBuildPhase section */
		A493E3271ACF2B7C007F36DD /* Frameworks */ = {
			isa = PBXFrameworksBuildPhase;
			buildActionMask = 2147483647;
			files = (
			);
			runOnlyForDeploymentPostprocessing = 0;
		};
		A493E3401ACF2B7C007F36DD /* Frameworks */ = {
			isa = PBXFrameworksBuildPhase;
			buildActionMask = 2147483647;
			files = (
			);
			runOnlyForDeploymentPostprocessing = 0;
		};
/* End PBXFrameworksBuildPhase section */

/* Begin PBXGroup section */
		A493E3211ACF2B7C007F36DD = {
			isa = PBXGroup;
			children = (
				A493E32C1ACF2B7C007F36DD /* ToDoList */,
				A493E3461ACF2B7C007F36DD /* ToDoListTests */,
				A493E32B1ACF2B7C007F36DD /* Products */,
			);
			sourceTree = "<group>";
		};
		A493E32B1ACF2B7C007F36DD /* Products */ = {
			isa = PBXGroup;
			children = (
				A493E32A1ACF2B7C007F36DD /* ToDoList.app */,
				A493E3431ACF2B7C007F36DD /* ToDoListTests.xctest */,
			);
			name = Products;
			sourceTree = "<group>";
		};
		A493E32C1ACF2B7C007F36DD /* ToDoList */ = {
			isa = PBXGroup;
			children = (
				A493E3371ACF2B7C007F36DD /* Main.storyboard */,
				A493E3311ACF2B7C007F36DD /* AppDelegate.h */,
				A493E3321ACF2B7C007F36DD /* AppDelegate.m */,
				BC0AE3DB1B7597DF006F175E /* ToDoItem.h */,
				BC0AE3DC1B7597DF006F175E /* ToDoItem.m */,
				A41927F11B34C2CA004DA035 /* AddToDoItemViewController.h */,
				A41927F21B34C2CA004DA035 /* AddToDoItemViewController.m */,
				A41927F41B35DCCB004DA035 /* ToDoListTableViewController.h */,
				A41927F51B35DCCB004DA035 /* ToDoListTableViewController.m */,
				A493E33A1ACF2B7C007F36DD /* Images.xcassets */,
				A493E33C1ACF2B7C007F36DD /* LaunchScreen.xib */,
				A493E32D1ACF2B7C007F36DD /* Supporting Files */,
			);
			path = ToDoList;
			sourceTree = "<group>";
		};
		A493E32D1ACF2B7C007F36DD /* Supporting Files */ = {
			isa = PBXGroup;
			children = (
				A493E32E1ACF2B7C007F36DD /* Info.plist */,
				A493E32F1ACF2B7C007F36DD /* main.m */,
			);
			name = "Supporting Files";
			sourceTree = "<group>";
		};
		A493E3461ACF2B7C007F36DD /* ToDoListTests */ = {
			isa = PBXGroup;
			children = (
				A493E3491ACF2B7C007F36DD /* ToDoListTests.m */,
				A493E3471ACF2B7C007F36DD /* Supporting Files */,
			);
			path = ToDoListTests;
			sourceTree = "<group>";
		};
		A493E3471ACF2B7C007F36DD /* Supporting Files */ = {
			isa = PBXGroup;
			children = (
				A493E3481ACF2B7C007F36DD /* Info.plist */,
			);
			name = "Supporting Files";
			sourceTree = "<group>";
		};
/* End PBXGroup section */

/* Begin PBXNativeTarget section */
		A493E3291ACF2B7C007F36DD /* ToDoList */ = {
			isa = PBXNativeTarget;
			buildConfigurationList = A493E34D1ACF2B7C007F36DD /* Build configuration list for PBXNativeTarget "ToDoList" */;
			buildPhases = (
				A493E3261ACF2B7C007F36DD /* Sources */,
				A493E3271ACF2B7C007F36DD /* Frameworks */,
				A493E3281ACF2B7C007F36DD /* Resources */,
			);
			buildRules = (
			);
			dependencies = (
			);
			name = ToDoList;
			productName = ToDoList;
			productReference = A493E32A1ACF2B7C007F36DD /* ToDoList.app */;
			productType = "com.apple.product-type.application";
		};
		A493E3421ACF2B7C007F36DD /* ToDoListTests */ = {
			isa = PBXNativeTarget;
			buildConfigurationList = A493E3501ACF2B7C007F36DD /* Build configuration list for PBXNativeTarget "ToDoListTests" */;
			buildPhases = (
				A493E33F1ACF2B7C007F36DD /* Sources */,
				A493E3401ACF2B7C007F36DD /* Frameworks */,
				A493E3411ACF2B7C007F36DD /* Resources */,
			);
			buildRules = (
			);
			dependencies = (
				A493E3451ACF2B7C007F36DD /* PBXTargetDependency */,
			);
			name = ToDoListTests;
			productName = ToDoListTests;
			productReference = A493E3431ACF2B7C007F36DD /* ToDoListTests.xctest */;
			productType = "com.apple.product-type.bundle.unit-test";
		};
/* End PBXNativeTarget section */

/* Begin PBXProject section */
		A493E3221ACF2B7C007F36DD /* Project object */ = {
			isa = PBXProject;
			attributes = {
				LastUpgradeCheck = 0610;
				ORGANIZATIONNAME = "Leo Teng Hou Liu";
				TargetAttributes = {
					A493E3291ACF2B7C007F36DD = {
						CreatedOnToolsVersion = 6.1.1;
					};
					A493E3421ACF2B7C007F36DD = {
						CreatedOnToolsVersion = 6.1.1;
						TestTargetID = A493E3291ACF2B7C007F36DD;
					};
				};
			};
			buildConfigurationList = A493E3251ACF2B7C007F36DD /* Build configuration list for PBXProject "ToDoList" */;
			compatibilityVersion = "Xcode 3.2";
			developmentRegion = English;
			hasScannedForEncodings = 0;
			knownRegions = (
				en,
				Base,
			);
			mainGroup = A493E3211ACF2B7C007F36DD;
			productRefGroup = A493E32B1ACF2B7C007F36DD /* Products */;
			projectDirPath = "";
			projectRoot = "";
			targets = (
				A493E3291ACF2B7C007F36DD /* ToDoList */,
				A493E3421ACF2B7C007F36DD /* ToDoListTests */,
			);
		};
/* End PBXProject section */

/* Begin PBXResourcesBuildPhase section */
		A493E3281ACF2B7C007F36DD /* Resources */ = {
			isa = PBXResourcesBuildPhase;
			buildActionMask = 2147483647;
			files = (
				A493E3391ACF2B7C007F36DD /* Main.storyboard in Resources */,
				A493E33E1ACF2B7C007F36DD /* LaunchScreen.xib in Resources */,
				A493E33B1ACF2B7C007F36DD /* Images.xcassets in Resources */,
			);
			runOnlyForDeploymentPostprocessing = 0;
		};
		A493E3411ACF2B7C007F36DD /* Resources */ = {
			isa = PBXResourcesBuildPhase;
			buildActionMask = 2147483647;
			files = (
			);
			runOnlyForDeploymentPostprocessing = 0;
		};
/* End PBXResourcesBuildPhase section */

/* Begin PBXSourcesBuildPhase section */
		A493E3261ACF2B7C007F36DD /* Sources */ = {
			isa = PBXSourcesBuildPhase;
			buildActionMask = 2147483647;
			files = (
				A493E3331ACF2B7C007F36DD /* AppDelegate.m in Sources */,
				BC0AE3DD1B7597DF006F175E /* ToDoItem.m in Sources */,
				A41927F61B35DCCB004DA035 /* ToDoListTableViewController.m in Sources */,
				A493E3301ACF2B7C007F36DD /* main.m in Sources */,
				A41927F31B34C2CA004DA035 /* AddToDoItemViewController.m in Sources */,
			);
			runOnlyForDeploymentPostprocessing = 0;
		};
		A493E33F1ACF2B7C007F36DD /* Sources */ = {
			isa = PBXSourcesBuildPhase;
			buildActionMask = 2147483647;
			files = (
				A493E34A1ACF2B7C007F36DD /* ToDoListTests.m in Sources */,
			);
			runOnlyForDeploymentPostprocessing = 0;
		};
/* End PBXSourcesBuildPhase section */

/* Begin PBXTargetDependency section */
		A493E3451ACF2B7C007F36DD /* PBXTargetDependency */ = {
			isa = PBXTargetDependency;
			target = A493E3291ACF2B7C007F36DD /* ToDoList */;
			targetProxy = A493E3441ACF2B7C007F36DD /* PBXContainerItemProxy */;
		};
/* End PBXTargetDependency section */

/* Begin PBXVariantGroup section */
		A493E3371ACF2B7C007F36DD /* Main.storyboard */ = {
			isa = PBXVariantGroup;
			children = (
				A493E3381ACF2B7C007F36DD /* Base */,
			);
			name = Main.storyboard;
			sourceTree = "<group>";
		};
		A493E33C1ACF2B7C007F36DD /* LaunchScreen.xib */ = {
			isa = PBXVariantGroup;
			children = (
				A493E33D1ACF2B7C007F36DD /* Base */,
			);
			name = LaunchScreen.xib;
			sourceTree = "<group>";
		};
/* End PBXVariantGroup section */

/* Begin XCBuildConfiguration section */
		A493E34B1ACF2B7C007F36DD /* Debug */ = {
			isa = XCBuildConfiguration;
			buildSettings = {
				ALWAYS_SEARCH_USER_PATHS = NO;
				CLANG_CXX_LANGUAGE_STANDARD = "gnu++0x";
				CLANG_CXX_LIBRARY = "libc++";
				CLANG_ENABLE_MODULES = YES;
				CLANG_ENABLE_OBJC_ARC = YES;
				CLANG_WARN_BOOL_CONVERSION = YES;
				CLANG_WARN_CONSTANT_CONVERSION = YES;
				CLANG_WARN_DIRECT_OBJC_ISA_USAGE = YES_ERROR;
				CLANG_WARN_EMPTY_BODY = YES;
				CLANG_WARN_ENUM_CONVERSION = YES;
				CLANG_WARN_INT_CONVERSION = YES;
				CLANG_WARN_OBJC_ROOT_CLASS = YES_ERROR;
				CLANG_WARN_UNREACHABLE_CODE = YES;
				CLANG_WARN__DUPLICATE_METHOD_MATCH = YES;
				"CODE_SIGN_IDENTITY[sdk=iphoneos*]" = "iPhone Developer";
				COPY_PHASE_STRIP = NO;
				ENABLE_STRICT_OBJC_MSGSEND = YES;
				GCC_C_LANGUAGE_STANDARD = gnu99;
				GCC_DYNAMIC_NO_PIC = NO;
				GCC_OPTIMIZATION_LEVEL = 0;
				GCC_PREPROCESSOR_DEFINITIONS = (
					"DEBUG=1",
					"$(inherited)",
				);
				GCC_SYMBOLS_PRIVATE_EXTERN = NO;
				GCC_WARN_64_TO_32_BIT_CONVERSION = YES;
				GCC_WARN_ABOUT_RETURN_TYPE = YES_ERROR;
				GCC_WARN_UNDECLARED_SELECTOR = YES;
				GCC_WARN_UNINITIALIZED_AUTOS = YES_AGGRESSIVE;
				GCC_WARN_UNUSED_FUNCTION = YES;
				GCC_WARN_UNUSED_VARIABLE = YES;
				IPHONEOS_DEPLOYMENT_TARGET = 8.1;
				MTL_ENABLE_DEBUG_INFO = YES;
				ONLY_ACTIVE_ARCH = YES;
				SDKROOT = iphoneos;
				TARGETED_DEVICE_FAMILY = "1,2";
			};
			name = Debug;
		};
		A493E34C1ACF2B7C007F36DD /* Release */ = {
			isa = XCBuildConfiguration;
			buildSettings = {
				ALWAYS_SEARCH_USER_PATHS = NO;
				CLANG_CXX_LANGUAGE_STANDARD = "gnu++0x";
				CLANG_CXX_LIBRARY = "libc++";
				CLANG_ENABLE_MODULES = YES;
				CLANG_ENABLE_OBJC_ARC = YES;
				CLANG_WARN_BOOL_CONVERSION = YES;
				CLANG_WARN_CONSTANT_CONVERSION = YES;
				CLANG_WARN_DIRECT_OBJC_ISA_USAGE = YES_ERROR;
				CLANG_WARN_EMPTY_BODY = YES;
				CLANG_WARN_ENUM_CONVERSION = YES;
				CLANG_WARN_INT_CONVERSION = YES;
				CLANG_WARN_OBJC_ROOT_CLASS = YES_ERROR;
				CLANG_WARN_UNREACHABLE_CODE = YES;
				CLANG_WARN__DUPLICATE_METHOD_MATCH = YES;
				"CODE_SIGN_IDENTITY[sdk=iphoneos*]" = "iPhone Developer";
				COPY_PHASE_STRIP = YES;
				ENABLE_NS_ASSERTIONS = NO;
				ENABLE_STRICT_OBJC_MSGSEND = YES;
				GCC_C_LANGUAGE_STANDARD = gnu99;
				GCC_WARN_64_TO_32_BIT_CONVERSION = YES;
				GCC_WARN_ABOUT_RETURN_TYPE = YES_ERROR;
				GCC_WARN_UNDECLARED_SELECTOR = YES;
				GCC_WARN_UNINITIALIZED_AUTOS = YES_AGGRESSIVE;
				GCC_WARN_UNUSED_FUNCTION = YES;
				GCC_WARN_UNUSED_VARIABLE = YES;
				IPHONEOS_DEPLOYMENT_TARGET = 8.1;
				MTL_ENABLE_DEBUG_INFO = NO;
				SDKROOT = iphoneos;
				TARGETED_DEVICE_FAMILY = "1,2";
				VALIDATE_PRODUCT = YES;
			};
			name = Release;
		};
		A493E34E1ACF2B7C007F36DD /* Debug */ = {
			isa = XCBuildConfiguration;
			buildSettings = {
				ASSETCATALOG_COMPILER_APPICON_NAME = AppIcon;
				INFOPLIST_FILE = ToDoList/Info.plist;
				LD_RUNPATH_SEARCH_PATHS = "$(inherited) @executable_path/Frameworks";
				PRODUCT_NAME = "$(TARGET_NAME)";
			};
			name = Debug;
		};
		A493E34F1ACF2B7C007F36DD /* Release */ = {
			isa = XCBuildConfiguration;
			buildSettings = {
				ASSETCATALOG_COMPILER_APPICON_NAME = AppIcon;
				INFOPLIST_FILE = ToDoList/Info.plist;
				LD_RUNPATH_SEARCH_PATHS = "$(inherited) @executable_path/Frameworks";
				PRODUCT_NAME = "$(TARGET_NAME)";
			};
			name = Release;
		};
		A493E3511ACF2B7C007F36DD /* Debug */ = {
			isa = XCBuildConfiguration;
			buildSettings = {
				BUNDLE_LOADER = "$(TEST_HOST)";
				FRAMEWORK_SEARCH_PATHS = (
					"$(SDKROOT)/Developer/Library/Frameworks",
					"$(inherited)",
				);
				GCC_PREPROCESSOR_DEFINITIONS = (
					"DEBUG=1",
					"$(inherited)",
				);
				INFOPLIST_FILE = ToDoListTests/Info.plist;
				LD_RUNPATH_SEARCH_PATHS = "$(inherited) @executable_path/Frameworks @loader_path/Frameworks";
				PRODUCT_NAME = "$(TARGET_NAME)";
				TEST_HOST = "$(BUILT_PRODUCTS_DIR)/ToDoList.app/ToDoList";
			};
			name = Debug;
		};
		A493E3521ACF2B7C007F36DD /* Release */ = {
			isa = XCBuildConfiguration;
			buildSettings = {
				BUNDLE_LOADER = "$(TEST_HOST)";
				FRAMEWORK_SEARCH_PATHS = (
					"$(SDKROOT)/Developer/Library/Frameworks",
					"$(inherited)",
				);
				INFOPLIST_FILE = ToDoListTests/Info.plist;
				LD_RUNPATH_SEARCH_PATHS = "$(inherited) @executable_path/Frameworks @loader_path/Frameworks";
				PRODUCT_NAME = "$(TARGET_NAME)";
				TEST_HOST = "$(BUILT_PRODUCTS_DIR)/ToDoList.app/ToDoList";
			};
			name = Release;
		};
/* End XCBuildConfiguration section */

/* Begin XCConfigurationList section */
		A493E3251ACF2B7C007F36DD /* Build configuration list for PBXProject "ToDoList" */ = {
			isa = XCConfigurationList;
			buildConfigurations = (
				A493E34B1ACF2B7C007F36DD /* Debug */,
				A493E34C1ACF2B7C007F36DD /* Release */,
			);
			defaultConfigurationIsVisible = 0;
			defaultConfigurationName = Release;
		};
		A493E34D1ACF2B7C007F36DD /* Build configuration list for PBXNativeTarget "ToDoList" */ = {
			isa = XCConfigurationList;
			buildConfigurations = (
				A493E34E1ACF2B7C007F36DD /* Debug */,
				A493E34F1ACF2B7C007F36DD /* Release */,
			);
			defaultConfigurationIsVisible = 0;
			defaultConfigurationName = Release;
		};
		A493E3501ACF2B7C007F36DD /* Build configuration list for PBXNativeTarget "ToDoListTests" */ = {
			isa = XCConfigurationList;
			buildConfigurations = (
				A493E3511ACF2B7C007F36DD /* Debug */,
				A493E3521ACF2B7C007F36DD /* Release */,
			);
			defaultConfigurationIsVisible = 0;
			defaultConfigurationName = Release;
		};
/* End XCConfigurationList section */
	};
	rootObject = A493E3221ACF2B7C007F36DD /* Project object */;
}
